
Microsoft Visual Studio Solution File, Format Version 12.00
# Visual Studio Version 17
VisualStudioVersion = 17.0.32014.148
MinimumVisualStudioVersion = 10.0.40219.1
Project("{9A19103F-16F7-4668-BE54-9A1E7A4F7556}") = "toDoListApi", "toDoListApi.csproj", "{5D3857ED-C31B-4C1C-BDEC-04225F434A21}"
EndProject
Project("{2150E333-8FDC-42A3-9474-1A3956D46DE8}") = "2-Service", "2-Service", "{A15BE5E6-F7BC-4665-9A42-9A4AF845107C}"
EndProject
Project("{2150E333-8FDC-42A3-9474-1A3956D46DE8}") = "1-Data", "1-Data", "{64AF13E6-5058-4D88-AA7B-358B5FBA4F50}"
EndProject
Project("{FAE04EC0-301F-11D3-BF4B-00C04F79EFBC}") = "Service", "Data\Service.csproj", "{E3C78F74-12D9-49C2-9491-371FBC8772B6}"
EndProject
Project("{FAE04EC0-301F-11D3-BF4B-00C04F79EFBC}") = "1-Data", "1-Data\1-Data.csproj", "{583219F4-989D-4307-A400-B1454800FEAB}"
EndProject
Project("{2150E333-8FDC-42A3-9474-1A3956D46DE8}") = "3-Api", "3-Api", "{67543EE6-183D-43C5-9321-EE855B60B93A}"
EndProject
Global
	GlobalSection(SolutionConfigurationPlatforms) = preSolution
		Debug|Any CPU = Debug|Any CPU
		Release|Any CPU = Release|Any CPU
	EndGlobalSection
	GlobalSection(ProjectConfigurationPlatforms) = postSolution
		{5D3857ED-C31B-4C1C-BDEC-04225F434A21}.Debug|Any CPU.ActiveCfg = Debug|Any CPU
		{5D3857ED-C31B-4C1C-BDEC-04225F434A21}.Debug|Any CPU.Build.0 = Debug|Any CPU
		{5D3857ED-C31B-4C1C-BDEC-04225F434A21}.Release|Any CPU.ActiveCfg = Release|Any CPU
		{5D3857ED-C31B-4C1C-BDEC-04225F434A21}.Release|Any CPU.Build.0 = Release|Any CPU
		{E3C78F74-12D9-49C2-9491-371FBC8772B6}.Debug|Any CPU.ActiveCfg = Debug|Any CPU
		{E3C78F74-12D9-49C2-9491-371FBC8772B6}.Debug|Any CPU.Build.0 = Debug|Any CPU
		{E3C78F74-12D9-49C2-9491-371FBC8772B6}.Release|Any CPU.ActiveCfg = Release|Any CPU
		{E3C78F74-12D9-49C2-9491-371FBC8772B6}.Release|Any CPU.Build.0 = Release|Any CPU
		{583219F4-989D-4307-A400-B1454800FEAB}.Debug|Any CPU.ActiveCfg = Debug|Any CPU
		{583219F4-989D-4307-A400-B1454800FEAB}.Debug|Any CPU.Build.0 = Debug|Any CPU
		{583219F4-989D-4307-A400-B1454800FEAB}.Release|Any CPU.ActiveCfg = Release|Any CPU
		{583219F4-989D-4307-A400-B1454800FEAB}.Release|Any CPU.Build.0 = Release|Any CPU
	EndGlobalSection
	GlobalSection(SolutionProperties) = preSolution
		HideSolutionNode = FALSE
	EndGlobalSection
	GlobalSection(NestedProjects) = preSolution
		{5D3857ED-C31B-4C1C-BDEC-04225F434A21} = {67543EE6-183D-43C5-9321-EE855B60B93A}
		{E3C78F74-12D9-49C2-9491-371FBC8772B6} = {A15BE5E6-F7BC-4665-9A42-9A4AF845107C}
		{583219F4-989D-4307-A400-B1454800FEAB} = {64AF13E6-5058-4D88-AA7B-358B5FBA4F50}
	EndGlobalSection
	GlobalSection(ExtensibilityGlobals) = postSolution
		SolutionGuid = {93230A0E-DC1A-4409-A5A5-AC89C949ACCF}
	EndGlobalSection
EndGlobal
